
Microsoft Visual Studio Solution File, Format Version 12.00
# Visual Studio Version 17
VisualStudioVersion = 17.5.002.0
MinimumVisualStudioVersion = 10.0.40219.1
Project("{9A19103F-16F7-4668-BE54-9A1E7A4F7556}") = "Example001_HelloConsole", "Example001_HelloConsole.csproj", "{B30740E4-DE86-4698-A61D-8990F66F8EC8}"
EndProject
Global
	GlobalSection(SolutionConfigurationPlatforms) = preSolution
		Debug|Any CPU = Debug|Any CPU
		Release|Any CPU = Release|Any CPU
	EndGlobalSection
	GlobalSection(ProjectConfigurationPlatforms) = postSolution
		{B30740E4-DE86-4698-A61D-8990F66F8EC8}.Debug|Any CPU.ActiveCfg = Debug|Any CPU
		{B30740E4-DE86-4698-A61D-8990F66F8EC8}.Debug|Any CPU.Build.0 = Debug|Any CPU
		{B30740E4-DE86-4698-A61D-8990F66F8EC8}.Release|Any CPU.ActiveCfg = Release|Any CPU
		{B30740E4-DE86-4698-A61D-8990F66F8EC8}.Release|Any CPU.Build.0 = Release|Any CPU
	EndGlobalSection
	GlobalSection(SolutionProperties) = preSolution
		HideSolutionNode = FALSE
	EndGlobalSection
	GlobalSection(ExtensibilityGlobals) = postSolution
		SolutionGuid = {E0CDFCAF-B3E9-4CFC-B1DD-06B272F0E3C9}
	EndGlobalSection
EndGlobal
